{
  "name": "admin-nuxt",
  "version": "0.1.0",
  "lockfileVersion": 3,
  "requires": true,
  "packages": {
    "": {
      "name": "admin-nuxt",
      "version": "0.1.0",
      "dependencies": {
        "@nuxt/ui": "^2.9.1",
        "@nuxtjs/tailwindcss": "^6.12.0",
        "lucide-vue-next": "^0.379.0",
        "nuxt": "^3.12.0",
        "yup": "^1.4.0"
      },
      "devDependencies": {
        "@iconify-json/heroicons": "^1.2.3",
        "@tailwindcss/forms": "^0.5.10",
        "autoprefixer": "^10.4.17",
        "i": "^0.3.7",
        "postcss": "^8.4.38",
        "tailwindcss": "^3.4.3"
      }
    },
    "../../node_modules/.pnpm/@iconify-json+heroicons@1.2.3/node_modules/@iconify-json/heroicons": {
      "version": "1.2.3",
      "dev": true,
      "license": "MIT",
      "dependencies": {
        "@iconify/types": "*"
      }
    },
    "../../node_modules/.pnpm/@nuxt+ui@2.22.3_vite@7.1.10_vue@3.5.22_yup@1.7.1/node_modules/@nuxt/ui": {
      "version": "2.22.3",
      "license": "MIT",
      "dependencies": {
        "@headlessui/tailwindcss": "^0.2.2",
        "@headlessui/vue": "^1.7.23",
        "@iconify-json/heroicons": "^1.2.2",
        "@nuxt/icon": "^1.15.0",
        "@nuxt/kit": "^4.0.3",
        "@nuxtjs/color-mode": "^3.5.2",
        "@nuxtjs/tailwindcss": "^6.14.0",
        "@popperjs/core": "^2.11.8",
        "@standard-schema/spec": "^1.0.0",
        "@tailwindcss/aspect-ratio": "^0.4.2",
        "@tailwindcss/container-queries": "^0.1.1",
        "@tailwindcss/forms": "^0.5.10",
        "@tailwindcss/typography": "^0.5.16",
        "@vueuse/core": "^13.8.0",
        "@vueuse/integrations": "^13.8.0",
        "@vueuse/math": "^13.8.0",
        "defu": "^6.1.4",
        "fuse.js": "^7.1.0",
        "ohash": "^2.0.11",
        "pathe": "^2.0.3",
        "scule": "^1.3.0",
        "tailwind-merge": "^2.6.0",
        "tailwindcss": "^3.4.17"
      },
      "devDependencies": {
        "@nuxt/eslint-config": "^1.9.0",
        "@nuxt/module-builder": "^1.0.1",
        "@nuxt/test-utils": "^3.19.2",
        "@release-it/conventional-changelog": "^10.0.1",
        "@vue/test-utils": "^2.4.6",
        "eslint": "^9.34.0",
        "happy-dom": "^18.0.1",
        "nuxt": "^4.0.3",
        "release-it": "^19.0.4",
        "typescript": "^5.8.3",
        "vitest": "^3.2.4",
        "vitest-environment-nuxt": "^1.0.1",
        "vue-tsc": "^3.0.6"
      },
      "peerDependencies": {
        "joi": "^17.13.0",
        "superstruct": "^2.0.0",
        "valibot": "^1.0.0",
        "yup": "^1.6.0",
        "zod": "^3.24.0"
      },
      "peerDependenciesMeta": {
        "joi": {
          "optional": true
        },
        "superstruct": {
          "optional": true
        },
        "valibot": {
          "optional": true
        },
        "yup": {
          "optional": true
        },
        "zod": {
          "optional": true
        }
      }
    },
    "../../node_modules/.pnpm/@nuxtjs+tailwindcss@6.14.0/node_modules/@nuxtjs/tailwindcss": {
      "version": "6.14.0",
      "license": "MIT",
      "dependencies": {
        "@nuxt/kit": "^3.16.0",
        "autoprefixer": "^10.4.20",
        "c12": "^3.0.2",
        "consola": "^3.4.0",
        "defu": "^6.1.4",
        "h3": "^1.15.1",
        "klona": "^2.0.6",
        "ohash": "^2.0.11",
        "pathe": "^2.0.3",
        "pkg-types": "^2.1.0",
        "postcss": "^8.5.3",
        "postcss-nesting": "^13.0.1",
        "tailwind-config-viewer": "^2.0.4",
        "tailwindcss": "~3.4.17",
        "ufo": "^1.5.4",
        "unctx": "^2.4.1"
      },
      "devDependencies": {
        "@fontsource/inter": "^5.2.5",
        "@nuxt/content": "^2.13.4",
        "@nuxt/devtools": "^2.2.1",
        "@nuxt/eslint-config": "^0.7.6",
        "@nuxt/module-builder": "^0.8.4",
        "@nuxt/test-utils": "^3.17.1",
        "@tailwindcss/typography": "^0.5.16",
        "changelogen": "^0.5.7",
        "destr": "^2.0.3",
        "eslint": "^9.21.0",
        "happy-dom": "^16.8.1",
        "nuxt": "^3.16.0",
        "typescript": "5.6.3",
        "vitest": "^3.0.8",
        "vue-tsc": "^2.2.8"
      }
    },
    "../../node_modules/.pnpm/autoprefixer@10.4.21_postcss@8.5.6/node_modules/autoprefixer": {
      "version": "10.4.21",
      "dev": true,
      "funding": [
        {
          "type": "opencollective",
          "url": "https://opencollective.com/postcss/"
        },
        {
          "type": "tidelift",
          "url": "https://tidelift.com/funding/github/npm/autoprefixer"
        },
        {
          "type": "github",
          "url": "https://github.com/sponsors/ai"
        }
      ],
      "license": "MIT",
      "dependencies": {
        "browserslist": "^4.24.4",
        "caniuse-lite": "^1.0.30001702",
        "fraction.js": "^4.3.7",
        "normalize-range": "^0.1.2",
        "picocolors": "^1.1.1",
        "postcss-value-parser": "^4.2.0"
      },
      "bin": {
        "autoprefixer": "bin/autoprefixer"
      },
      "engines": {
        "node": "^10 || ^12 || >=14"
      },
      "peerDependencies": {
        "postcss": "^8.1.0"
      }
    },
    "../../node_modules/.pnpm/i@0.3.7/node_modules/i": {
      "version": "0.3.7",
      "dev": true,
      "devDependencies": {
        "vows": "^0.8.2"
      },
      "engines": {
        "node": ">=0.4"
      }
    },
    "../../node_modules/.pnpm/lucide-vue-next@0.379.0_vue@3.5.22/node_modules/lucide-vue-next": {
      "version": "0.379.0",
      "license": "ISC",
      "devDependencies": {
        "@lucide/build-icons": "1.0.0",
        "@lucide/rollup-plugins": "1.0.0",
        "@lucide/shared": "1.0.0",
        "@testing-library/jest-dom": "^6.1.6",
        "@testing-library/vue": "^8.0.3",
        "@vitejs/plugin-vue": "^4.6.2",
        "@vue/test-utils": "2.4.5",
        "rollup": "^4.9.2",
        "rollup-plugin-dts": "^6.1.0",
        "vite": "5.0.13",
        "vitest": "^1.4.0",
        "vue": "^3.4.21"
      },
      "peerDependencies": {
        "vue": ">=3.0.1"
      }
    },
    "../../node_modules/.pnpm/nuxt@3.19.3_@vue+compiler-sfc@3.5.22_vite@7.1.10/node_modules/nuxt": {
      "version": "3.19.3",
      "license": "MIT",
      "dependencies": {
        "@nuxt/cli": "^3.29.0",
        "@nuxt/devalue": "^2.0.2",
        "@nuxt/devtools": "^2.6.5",
        "@nuxt/kit": "3.19.3",
        "@nuxt/schema": "3.19.3",
        "@nuxt/telemetry": "^2.6.6",
        "@nuxt/vite-builder": "3.19.3",
        "@unhead/vue": "^2.0.14",
        "@vue/shared": "^3.5.22",
        "c12": "^3.3.0",
        "chokidar": "^4.0.3",
        "compatx": "^0.2.0",
        "consola": "^3.4.2",
        "cookie-es": "^2.0.0",
        "defu": "^6.1.4",
        "destr": "^2.0.5",
        "devalue": "^5.3.2",
        "errx": "^0.1.0",
        "esbuild": "^0.25.10",
        "escape-string-regexp": "^5.0.0",
        "estree-walker": "^3.0.3",
        "exsolve": "^1.0.7",
        "h3": "^1.15.4",
        "hookable": "^5.5.3",
        "ignore": "^7.0.5",
        "impound": "^1.0.0",
        "jiti": "^2.6.1",
        "klona": "^2.0.6",
        "knitwork": "^1.2.0",
        "magic-string": "^0.30.19",
        "mlly": "^1.8.0",
        "mocked-exports": "^0.1.1",
        "nanotar": "^0.2.0",
        "nitropack": "^2.12.6",
        "nypm": "^0.6.2",
        "ofetch": "^1.4.1",
        "ohash": "^2.0.11",
        "on-change": "^6.0.0",
        "oxc-minify": "^0.94.0",
        "oxc-parser": "^0.94.0",
        "oxc-transform": "^0.94.0",
        "oxc-walker": "^0.5.2",
        "pathe": "^2.0.3",
        "perfect-debounce": "^2.0.0",
        "pkg-types": "^2.3.0",
        "radix3": "^1.1.2",
        "scule": "^1.3.0",
        "semver": "^7.7.2",
        "std-env": "^3.9.0",
        "tinyglobby": "^0.2.15",
        "ufo": "^1.6.1",
        "ultrahtml": "^1.6.0",
        "uncrypto": "^0.1.3",
        "unctx": "^2.4.1",
        "unimport": "^5.4.1",
        "unplugin": "^2.3.10",
        "unplugin-vue-router": "^0.15.0",
        "unstorage": "^1.17.1",
        "untyped": "^2.0.0",
        "vue": "^3.5.22",
        "vue-bundle-renderer": "^2.2.0",
        "vue-devtools-stub": "^0.1.0",
        "vue-router": "^4.5.1"
      },
      "bin": {
        "nuxi": "bin/nuxt.mjs",
        "nuxt": "bin/nuxt.mjs"
      },
      "devDependencies": {
        "@nuxt/scripts": "0.12.1",
        "@parcel/watcher": "2.5.1",
        "@types/estree": "1.0.8",
        "@vitejs/plugin-vue": "6.0.1",
        "@vitejs/plugin-vue-jsx": "5.1.1",
        "@vue/compiler-sfc": "3.5.22",
        "unbuild": "3.6.1",
        "vite": "7.1.9",
        "vitest": "3.2.4",
        "vue-sfc-transformer": "0.1.17"
      },
      "engines": {
        "node": "^20.19.0 || >=22.12.0"
      },
      "peerDependencies": {
        "@parcel/watcher": "^2.1.0",
        "@types/node": "^18.0.0 || ^20.0.0 || >=22.0.0"
      },
      "peerDependenciesMeta": {
        "@parcel/watcher": {
          "optional": true
        },
        "@types/node": {
          "optional": true
        }
      }
    },
    "../../node_modules/.pnpm/postcss@8.5.6/node_modules/postcss": {
      "version": "8.5.6",
      "dev": true,
      "funding": [
        {
          "type": "opencollective",
          "url": "https://opencollective.com/postcss/"
        },
        {
          "type": "tidelift",
          "url": "https://tidelift.com/funding/github/npm/postcss"
        },
        {
          "type": "github",
          "url": "https://github.com/sponsors/ai"
        }
      ],
      "license": "MIT",
      "dependencies": {
        "nanoid": "^3.3.11",
        "picocolors": "^1.1.1",
        "source-map-js": "^1.2.1"
      },
      "engines": {
        "node": "^10 || ^12 || >=14"
      }
    },
    "../../node_modules/.pnpm/tailwindcss@3.4.18/node_modules/tailwindcss": {
      "version": "3.4.18",
      "dev": true,
      "license": "MIT",
      "dependencies": {
        "@alloc/quick-lru": "^5.2.0",
        "arg": "^5.0.2",
        "chokidar": "^3.6.0",
        "didyoumean": "^1.2.2",
        "dlv": "^1.1.3",
        "fast-glob": "^3.3.2",
        "glob-parent": "^6.0.2",
        "is-glob": "^4.0.3",
        "jiti": "^1.21.7",
        "lilconfig": "^3.1.3",
        "micromatch": "^4.0.8",
        "normalize-path": "^3.0.0",
        "object-hash": "^3.0.0",
        "picocolors": "^1.1.1",
        "postcss": "^8.4.47",
        "postcss-import": "^15.1.0",
        "postcss-js": "^4.0.1",
        "postcss-load-config": "^4.0.2 || ^5.0 || ^6.0",
        "postcss-nested": "^6.2.0",
        "postcss-selector-parser": "^6.1.2",
        "resolve": "^1.22.8",
        "sucrase": "^3.35.0"
      },
      "bin": {
        "tailwind": "lib/cli.js",
        "tailwindcss": "lib/cli.js"
      },
      "devDependencies": {
        "@swc/cli": "0.1.62",
        "@swc/core": "1.3.55",
        "@swc/jest": "0.2.26",
        "@swc/register": "0.1.10",
        "autoprefixer": "^10.4.20",
        "browserslist": "^4.24.0",
        "concurrently": "^8.2.2",
        "cssnano": "^6.1.2",
        "esbuild": "^0.24.0",
        "eslint": "^8.57.1",
        "eslint-config-prettier": "^8.10.0",
        "eslint-plugin-prettier": "^4.2.1",
        "jest": "^29.7.0",
        "jest-diff": "^29.7.0",
        "lightningcss": "1.27.0",
        "prettier": "^2.8.8",
        "rimraf": "^5.0.10",
        "source-map-js": "^1.2.1",
        "turbo": "^1.13.4"
      },
      "engines": {
        "node": ">=14.0.0"
      }
    },
    "../../node_modules/.pnpm/yup@1.7.1/node_modules/yup": {
      "version": "1.7.1",
      "license": "MIT",
      "dependencies": {
        "property-expr": "^2.0.5",
        "tiny-case": "^1.0.3",
        "toposort": "^2.0.2",
        "type-fest": "^2.19.0"
      }
    },
    "node_modules/@iconify-json/heroicons": {
      "resolved": "../../node_modules/.pnpm/@iconify-json+heroicons@1.2.3/node_modules/@iconify-json/heroicons",
      "link": true
    },
    "node_modules/@nuxt/ui": {
      "resolved": "../../node_modules/.pnpm/@nuxt+ui@2.22.3_vite@7.1.10_vue@3.5.22_yup@1.7.1/node_modules/@nuxt/ui",
      "link": true
    },
    "node_modules/@nuxtjs/tailwindcss": {
      "resolved": "../../node_modules/.pnpm/@nuxtjs+tailwindcss@6.14.0/node_modules/@nuxtjs/tailwindcss",
      "link": true
    },
    "node_modules/@tailwindcss/forms": {
      "version": "0.5.10",
      "resolved": "https://registry.npmjs.org/@tailwindcss/forms/-/forms-0.5.10.tgz",
      "integrity": "sha512-utI1ONF6uf/pPNO68kmN1b8rEwNXv3czukalo8VtJH8ksIkZXr3Q3VYudZLkCsDd4Wku120uF02hYK25XGPorw==",
      "dev": true,
      "license": "MIT",
      "dependencies": {
        "mini-svg-data-uri": "^1.2.3"
      },
      "peerDependencies": {
        "tailwindcss": ">=3.0.0 || >= 3.0.0-alpha.1 || >= 4.0.0-alpha.20 || >= 4.0.0-beta.1"
      }
    },
    "node_modules/autoprefixer": {
      "resolved": "../../node_modules/.pnpm/autoprefixer@10.4.21_postcss@8.5.6/node_modules/autoprefixer",
      "link": true
    },
    "node_modules/i": {
      "resolved": "../../node_modules/.pnpm/i@0.3.7/node_modules/i",
      "link": true
    },
    "node_modules/lucide-vue-next": {
      "resolved": "../../node_modules/.pnpm/lucide-vue-next@0.379.0_vue@3.5.22/node_modules/lucide-vue-next",
      "link": true
    },
    "node_modules/mini-svg-data-uri": {
      "version": "1.4.4",
      "resolved": "https://registry.npmjs.org/mini-svg-data-uri/-/mini-svg-data-uri-1.4.4.tgz",
      "integrity": "sha512-r9deDe9p5FJUPZAk3A59wGH7Ii9YrjjWw0jmw/liSbHl2CHiyXj6FcDXDu2K3TjVAXqiJdaw3xxwlZZr9E6nHg==",
      "dev": true,
      "license": "MIT",
      "bin": {
        "mini-svg-data-uri": "cli.js"
      }
    },
    "node_modules/nuxt": {
      "resolved": "../../node_modules/.pnpm/nuxt@3.19.3_@vue+compiler-sfc@3.5.22_vite@7.1.10/node_modules/nuxt",
      "link": true
    },
    "node_modules/postcss": {
      "resolved": "../../node_modules/.pnpm/postcss@8.5.6/node_modules/postcss",
      "link": true
    },
    "node_modules/tailwindcss": {
      "resolved": "../../node_modules/.pnpm/tailwindcss@3.4.18/node_modules/tailwindcss",
      "link": true
    },
    "node_modules/yup": {
      "resolved": "../../node_modules/.pnpm/yup@1.7.1/node_modules/yup",
      "link": true
    }
  }
}
